
Microsoft Visual Studio Solution File, Format Version 12.00
# Visual Studio 14
VisualStudioVersion = 14.0.22823.1
MinimumVisualStudioVersion = 10.0.40219.1
Project("{FAE04EC0-301F-11D3-BF4B-00C04F79EFBC}") = "RAInvite Admin Toolroom", "RAInvite Admin Toolroom\RAInvite Admin Toolroom.csproj", "{A6FE3697-87CA-427B-91EE-2A36A058DE27}"
EndProject
Project("{54435603-DBB4-11D2-8724-00A0C9A8B90C}") = "RAInvite Admin Toolroom setup", "RAInvite Admin Toolroom setup\RAInvite Admin Toolroom setup.vdproj", "{D4ACA9D7-1764-4999-BCA7-7B0A40E964D2}"
EndProject
Global
	GlobalSection(SolutionConfigurationPlatforms) = preSolution
		Debug|Any CPU = Debug|Any CPU
		Release|Any CPU = Release|Any CPU
	EndGlobalSection
	GlobalSection(ProjectConfigurationPlatforms) = postSolution
		{A6FE3697-87CA-427B-91EE-2A36A058DE27}.Debug|Any CPU.ActiveCfg = Debug|Any CPU
		{A6FE3697-87CA-427B-91EE-2A36A058DE27}.Debug|Any CPU.Build.0 = Debug|Any CPU
		{A6FE3697-87CA-427B-91EE-2A36A058DE27}.Release|Any CPU.ActiveCfg = Release|Any CPU
		{A6FE3697-87CA-427B-91EE-2A36A058DE27}.Release|Any CPU.Build.0 = Release|Any CPU
		{D4ACA9D7-1764-4999-BCA7-7B0A40E964D2}.Debug|Any CPU.ActiveCfg = Debug
		{D4ACA9D7-1764-4999-BCA7-7B0A40E964D2}.Release|Any CPU.ActiveCfg = Release
	EndGlobalSection
	GlobalSection(SolutionProperties) = preSolution
		HideSolutionNode = FALSE
	EndGlobalSection
EndGlobal
