
Microsoft Visual Studio Solution File, Format Version 10.00
# Visual C# Express 2008
Project("{FAE04EC0-301F-11D3-BF4B-00C04F79EFBC}") = "ScrS(host)", "ScrS(host)\ScrS(host).csproj", "{2FCDC35C-0755-4905-9B64-FEEB3BCDE826}"
EndProject
Global
	GlobalSection(SolutionConfigurationPlatforms) = preSolution
		Debug|Any CPU = Debug|Any CPU
		Release|Any CPU = Release|Any CPU
	EndGlobalSection
	GlobalSection(ProjectConfigurationPlatforms) = postSolution
		{2FCDC35C-0755-4905-9B64-FEEB3BCDE826}.Debug|Any CPU.ActiveCfg = Debug|Any CPU
		{2FCDC35C-0755-4905-9B64-FEEB3BCDE826}.Debug|Any CPU.Build.0 = Debug|Any CPU
		{2FCDC35C-0755-4905-9B64-FEEB3BCDE826}.Release|Any CPU.ActiveCfg = Release|Any CPU
		{2FCDC35C-0755-4905-9B64-FEEB3BCDE826}.Release|Any CPU.Build.0 = Release|Any CPU
	EndGlobalSection
	GlobalSection(SolutionProperties) = preSolution
		HideSolutionNode = FALSE
	EndGlobalSection
EndGlobal
